// !$*UTF8*$!
{
	archiveVersion = 1;
	classes = {
	};
	objectVersion = 50;
	objects = {

/* Begin PBXBuildFile section */
		3B624C5220850E9300EA5CCE /* AppDelegate.swift in Sources */ = {isa = PBXBuildFile; fileRef = 3B624C5120850E9300EA5CCE /* AppDelegate.swift */; };
		3B624C5720850E9300EA5CCE /* Main.storyboard in Resources */ = {isa = PBXBuildFile; fileRef = 3B624C5520850E9300EA5CCE /* Main.storyboard */; };
		3B624C5A20850E9300EA5CCE /* WeeklyRecipeApp.xcdatamodeld in Sources */ = {isa = PBXBuildFile; fileRef = 3B624C5820850E9300EA5CCE /* WeeklyRecipeApp.xcdatamodeld */; };
		3B624C5C20850E9600EA5CCE /* Assets.xcassets in Resources */ = {isa = PBXBuildFile; fileRef = 3B624C5B20850E9600EA5CCE /* Assets.xcassets */; };
		3B624C5F20850E9600EA5CCE /* LaunchScreen.storyboard in Resources */ = {isa = PBXBuildFile; fileRef = 3B624C5D20850E9600EA5CCE /* LaunchScreen.storyboard */; };
/* End PBXBuildFile section */

/* Begin PBXFileReference section */
		3B624C4E20850E9300EA5CCE /* WeeklyRecipeApp.app */ = {isa = PBXFileReference; explicitFileType = wrapper.application; includeInIndex = 0; path = WeeklyRecipeApp.app; sourceTree = BUILT_PRODUCTS_DIR; };
		3B624C5120850E9300EA5CCE /* AppDelegate.swift */ = {isa = PBXFileReference; lastKnownFileType = sourcecode.swift; path = AppDelegate.swift; sourceTree = "<group>"; };
		3B624C5620850E9300EA5CCE /* Base */ = {isa = PBXFileReference; lastKnownFileType = file.storyboard; name = Base; path = Base.lproj/Main.storyboard; sourceTree = "<group>"; };
		3B624C5920850E9300EA5CCE /* WeeklyRecipeApp.xcdatamodel */ = {isa = PBXFileReference; lastKnownFileType = wrapper.xcdatamodel; path = WeeklyRecipeApp.xcdatamodel; sourceTree = "<group>"; };
		3B624C5B20850E9600EA5CCE /* Assets.xcassets */ = {isa = PBXFileReference; lastKnownFileType = folder.assetcatalog; path = Assets.xcassets; sourceTree = "<group>"; };
		3B624C5E20850E9600EA5CCE /* Base */ = {isa = PBXFileReference; lastKnownFileType = file.storyboard; name = Base; path = Base.lproj/LaunchScreen.storyboard; sourceTree = "<group>"; };
		3B624C6020850E9600EA5CCE /* Info.plist */ = {isa = PBXFileReference; lastKnownFileType = text.plist.xml; path = Info.plist; sourceTree = "<group>"; };
/* End PBXFileReference section */

/* Begin PBXFrameworksBuildPhase section */
		3B624C4B20850E9300EA5CCE /* Frameworks */ = {
			isa = PBXFrameworksBuildPhase;
			buildActionMask = 2147483647;
			files = (
			);
			runOnlyForDeploymentPostprocessing = 0;
		};
/* End PBXFrameworksBuildPhase section */

/* Begin PBXGroup section */
		3B624C4520850E9300EA5CCE = {
			isa = PBXGroup;
			children = (
				3B624C5020850E9300EA5CCE /* WeeklyRecipeApp */,
				3B624C4F20850E9300EA5CCE /* Products */,
			);
			sourceTree = "<group>";
		};
		3B624C4F20850E9300EA5CCE /* Products */ = {
			isa = PBXGroup;
			children = (
				3B624C4E20850E9300EA5CCE /* WeeklyRecipeApp.app */,
			);
			name = Products;
			sourceTree = "<group>";
		};
		3B624C5020850E9300EA5CCE /* WeeklyRecipeApp */ = {
			isa = PBXGroup;
			children = (
				3B624C6A20850FCC00EA5CCE /* Storyboards */,
				3B624C6920850FC500EA5CCE /* ViewController */,
				3B624C6820850FBF00EA5CCE /* ModelController */,
				3B624C6720850FB800EA5CCE /* Model */,
				3B624C5820850E9300EA5CCE /* WeeklyRecipeApp.xcdatamodeld */,
				3B624C6620850FAA00EA5CCE /* Resources */,
			);
			path = WeeklyRecipeApp;
			sourceTree = "<group>";
		};
		3B624C6620850FAA00EA5CCE /* Resources */ = {
			isa = PBXGroup;
			children = (
				3B624C5120850E9300EA5CCE /* AppDelegate.swift */,
				3B624C5B20850E9600EA5CCE /* Assets.xcassets */,
				3B624C5D20850E9600EA5CCE /* LaunchScreen.storyboard */,
				3B624C6020850E9600EA5CCE /* Info.plist */,
			);
			path = Resources;
			sourceTree = "<group>";
		};
		3B624C6720850FB800EA5CCE /* Model */ = {
			isa = PBXGroup;
			children = (
			);
			path = Model;
			sourceTree = "<group>";
		};
		3B624C6820850FBF00EA5CCE /* ModelController */ = {
			isa = PBXGroup;
			children = (
			);
			path = ModelController;
			sourceTree = "<group>";
		};
		3B624C6920850FC500EA5CCE /* ViewController */ = {
			isa = PBXGroup;
			children = (
			);
			path = ViewController;
			sourceTree = "<group>";
		};
		3B624C6A20850FCC00EA5CCE /* Storyboards */ = {
			isa = PBXGroup;
			children = (
				3B624C5520850E9300EA5CCE /* Main.storyboard */,
			);
			path = Storyboards;
			sourceTree = "<group>";
		};
/* End PBXGroup section */

/* Begin PBXNativeTarget section */
		3B624C4D20850E9300EA5CCE /* WeeklyRecipeApp */ = {
			isa = PBXNativeTarget;
			buildConfigurationList = 3B624C6320850E9600EA5CCE /* Build configuration list for PBXNativeTarget "WeeklyRecipeApp" */;
			buildPhases = (
				3B624C4A20850E9300EA5CCE /* Sources */,
				3B624C4B20850E9300EA5CCE /* Frameworks */,
				3B624C4C20850E9300EA5CCE /* Resources */,
			);
			buildRules = (
			);
			dependencies = (
			);
			name = WeeklyRecipeApp;
			productName = WeeklyRecipeApp;
			productReference = 3B624C4E20850E9300EA5CCE /* WeeklyRecipeApp.app */;
			productType = "com.apple.product-type.application";
		};
/* End PBXNativeTarget section */

/* Begin PBXProject section */
		3B624C4620850E9300EA5CCE /* Project object */ = {
			isa = PBXProject;
			attributes = {
				LastSwiftUpdateCheck = 0930;
				LastUpgradeCheck = 0930;
				ORGANIZATIONNAME = JfMetcalf;
				TargetAttributes = {
					3B624C4D20850E9300EA5CCE = {
						CreatedOnToolsVersion = 9.3;
					};
				};
			};
			buildConfigurationList = 3B624C4920850E9300EA5CCE /* Build configuration list for PBXProject "WeeklyRecipeApp" */;
			compatibilityVersion = "Xcode 9.3";
			developmentRegion = en;
			hasScannedForEncodings = 0;
			knownRegions = (
				en,
				Base,
			);
			mainGroup = 3B624C4520850E9300EA5CCE;
			productRefGroup = 3B624C4F20850E9300EA5CCE /* Products */;
			projectDirPath = "";
			projectRoot = "";
			targets = (
				3B624C4D20850E9300EA5CCE /* WeeklyRecipeApp */,
			);
		};
/* End PBXProject section */

/* Begin PBXResourcesBuildPhase section */
		3B624C4C20850E9300EA5CCE /* Resources */ = {
			isa = PBXResourcesBuildPhase;
			buildActionMask = 2147483647;
			files = (
				3B624C5F20850E9600EA5CCE /* LaunchScreen.storyboard in Resources */,
				3B624C5C20850E9600EA5CCE /* Assets.xcassets in Resources */,
				3B624C5720850E9300EA5CCE /* Main.storyboard in Resources */,
			);
			runOnlyForDeploymentPostprocessing = 0;
		};
/* End PBXResourcesBuildPhase section */

/* Begin PBXSourcesBuildPhase section */
		3B624C4A20850E9300EA5CCE /* Sources */ = {
			isa = PBXSourcesBuildPhase;
			buildActionMask = 2147483647;
			files = (
				3B624C5A20850E9300EA5CCE /* WeeklyRecipeApp.xcdatamodeld in Sources */,
				3B624C5220850E9300EA5CCE /* AppDelegate.swift in Sources */,
			);
			runOnlyForDeploymentPostprocessing = 0;
		};
/* End PBXSourcesBuildPhase section */

/* Begin PBXVariantGroup section */
		3B624C5520850E9300EA5CCE /* Main.storyboard */ = {
			isa = PBXVariantGroup;
			children = (
				3B624C5620850E9300EA5CCE /* Base */,
			);
			name = Main.storyboard;
			sourceTree = "<group>";
		};
		3B624C5D20850E9600EA5CCE /* LaunchScreen.storyboard */ = {
			isa = PBXVariantGroup;
			children = (
				3B624C5E20850E9600EA5CCE /* Base */,
			);
			name = LaunchScreen.storyboard;
			sourceTree = "<group>";
		};
/* End PBXVariantGroup section */

/* Begin XCBuildConfiguration section */
		3B624C6120850E9600EA5CCE /* Debug */ = {
			isa = XCBuildConfiguration;
			buildSettings = {
				ALWAYS_SEARCH_USER_PATHS = NO;
				CLANG_ANALYZER_NONNULL = YES;
				CLANG_ANALYZER_NUMBER_OBJECT_CONVERSION = YES_AGGRESSIVE;
				CLANG_CXX_LANGUAGE_STANDARD = "gnu++14";
				CLANG_CXX_LIBRARY = "libc++";
				CLANG_ENABLE_MODULES = YES;
				CLANG_ENABLE_OBJC_ARC = YES;
				CLANG_ENABLE_OBJC_WEAK = YES;
				CLANG_WARN_BLOCK_CAPTURE_AUTORELEASING = YES;
				CLANG_WARN_BOOL_CONVERSION = YES;
				CLANG_WARN_COMMA = YES;
				CLANG_WARN_CONSTANT_CONVERSION = YES;
				CLANG_WARN_DEPRECATED_OBJC_IMPLEMENTATIONS = YES;
				CLANG_WARN_DIRECT_OBJC_ISA_USAGE = YES_ERROR;
				CLANG_WARN_DOCUMENTATION_COMMENTS = YES;
				CLANG_WARN_EMPTY_BODY = YES;
				CLANG_WARN_ENUM_CONVERSION = YES;
				CLANG_WARN_INFINITE_RECURSION = YES;
				CLANG_WARN_INT_CONVERSION = YES;
				CLANG_WARN_NON_LITERAL_NULL_CONVERSION = YES;
				CLANG_WARN_OBJC_IMPLICIT_RETAIN_SELF = YES;
				CLANG_WARN_OBJC_LITERAL_CONVERSION = YES;
				CLANG_WARN_OBJC_ROOT_CLASS = YES_ERROR;
				CLANG_WARN_RANGE_LOOP_ANALYSIS = YES;
				CLANG_WARN_STRICT_PROTOTYPES = YES;
				CLANG_WARN_SUSPICIOUS_MOVE = YES;
				CLANG_WARN_UNGUARDED_AVAILABILITY = YES_AGGRESSIVE;
				CLANG_WARN_UNREACHABLE_CODE = YES;
				CLANG_WARN__DUPLICATE_METHOD_MATCH = YES;
				CODE_SIGN_IDENTITY = "iPhone Developer";
				COPY_PHASE_STRIP = NO;
				DEBUG_INFORMATION_FORMAT = dwarf;
				ENABLE_STRICT_OBJC_MSGSEND = YES;
				ENABLE_TESTABILITY = YES;
				GCC_C_LANGUAGE_STANDARD = gnu11;
				GCC_DYNAMIC_NO_PIC = NO;
				GCC_NO_COMMON_BLOCKS = YES;
				GCC_OPTIMIZATION_LEVEL = 0;
				GCC_PREPROCESSOR_DEFINITIONS = (
					"DEBUG=1",
					"$(inherited)",
				);
				GCC_WARN_64_TO_32_BIT_CONVERSION = YES;
				GCC_WARN_ABOUT_RETURN_TYPE = YES_ERROR;
				GCC_WARN_UNDECLARED_SELECTOR = YES;
				GCC_WARN_UNINITIALIZED_AUTOS = YES_AGGRESSIVE;
				GCC_WARN_UNUSED_FUNCTION = YES;
				GCC_WARN_UNUSED_VARIABLE = YES;
				IPHONEOS_DEPLOYMENT_TARGET = 11.3;
				MTL_ENABLE_DEBUG_INFO = YES;
				ONLY_ACTIVE_ARCH = YES;
				SDKROOT = iphoneos;
				SWIFT_ACTIVE_COMPILATION_CONDITIONS = DEBUG;
				SWIFT_OPTIMIZATION_LEVEL = "-Onone";
			};
			name = Debug;
		};
		3B624C6220850E9600EA5CCE /* Release */ = {
			isa = XCBuildConfiguration;
			buildSettings = {
				ALWAYS_SEARCH_USER_PATHS = NO;
				CLANG_ANALYZER_NONNULL = YES;
				CLANG_ANALYZER_NUMBER_OBJECT_CONVERSION = YES_AGGRESSIVE;
				CLANG_CXX_LANGUAGE_STANDARD = "gnu++14";
				CLANG_CXX_LIBRARY = "libc++";
				CLANG_ENABLE_MODULES = YES;
				CLANG_ENABLE_OBJC_ARC = YES;
				CLANG_ENABLE_OBJC_WEAK = YES;
				CLANG_WARN_BLOCK_CAPTURE_AUTORELEASING = YES;
				CLANG_WARN_BOOL_CONVERSION = YES;
				CLANG_WARN_COMMA = YES;
				CLANG_WARN_CONSTANT_CONVERSION = YES;
				CLANG_WARN_DEPRECATED_OBJC_IMPLEMENTATIONS = YES;
				CLANG_WARN_DIRECT_OBJC_ISA_USAGE = YES_ERROR;
				CLANG_WARN_DOCUMENTATION_COMMENTS = YES;
				CLANG_WARN_EMPTY_BODY = YES;
				CLANG_WARN_ENUM_CONVERSION = YES;
				CLANG_WARN_INFINITE_RECURSION = YES;
				CLANG_WARN_INT_CONVERSION = YES;
				CLANG_WARN_NON_LITERAL_NULL_CONVERSION = YES;
				CLANG_WARN_OBJC_IMPLICIT_RETAIN_SELF = YES;
				CLANG_WARN_OBJC_LITERAL_CONVERSION = YES;
				CLANG_WARN_OBJC_ROOT_CLASS = YES_ERROR;
				CLANG_WARN_RANGE_LOOP_ANALYSIS = YES;
				CLANG_WARN_STRICT_PROTOTYPES = YES;
				CLANG_WARN_SUSPICIOUS_MOVE = YES;
				CLANG_WARN_UNGUARDED_AVAILABILITY = YES_AGGRESSIVE;
				CLANG_WARN_UNREACHABLE_CODE = YES;
				CLANG_WARN__DUPLICATE_METHOD_MATCH = YES;
				CODE_SIGN_IDENTITY = "iPhone Developer";
				COPY_PHASE_STRIP = NO;
				DEBUG_INFORMATION_FORMAT = "dwarf-with-dsym";
				ENABLE_NS_ASSERTIONS = NO;
				ENABLE_STRICT_OBJC_MSGSEND = YES;
				GCC_C_LANGUAGE_STANDARD = gnu11;
				GCC_NO_COMMON_BLOCKS = YES;
				GCC_WARN_64_TO_32_BIT_CONVERSION = YES;
				GCC_WARN_ABOUT_RETURN_TYPE = YES_ERROR;
				GCC_WARN_UNDECLARED_SELECTOR = YES;
				GCC_WARN_UNINITIALIZED_AUTOS = YES_AGGRESSIVE;
				GCC_WARN_UNUSED_FUNCTION = YES;
				GCC_WARN_UNUSED_VARIABLE = YES;
				IPHONEOS_DEPLOYMENT_TARGET = 11.3;
				MTL_ENABLE_DEBUG_INFO = NO;
				SDKROOT = iphoneos;
				SWIFT_COMPILATION_MODE = wholemodule;
				SWIFT_OPTIMIZATION_LEVEL = "-O";
				VALIDATE_PRODUCT = YES;
			};
			name = Release;
		};
		3B624C6420850E9600EA5CCE /* Debug */ = {
			isa = XCBuildConfiguration;
			buildSettings = {
				ASSETCATALOG_COMPILER_APPICON_NAME = AppIcon;
				CODE_SIGN_STYLE = Automatic;
				DEVELOPMENT_TEAM = MC2BEA2U5Y;
				INFOPLIST_FILE = "$(SRCROOT)/WeeklyRecipeApp/Resources/Info.plist";
				LD_RUNPATH_SEARCH_PATHS = (
					"$(inherited)",
					"@executable_path/Frameworks",
				);
				PRODUCT_BUNDLE_IDENTIFIER = com.JfMetcalf.WeeklyRecipeApp;
				PRODUCT_NAME = "$(TARGET_NAME)";
				SWIFT_VERSION = 4.0;
				TARGETED_DEVICE_FAMILY = "1,2";
			};
			name = Debug;
		};
		3B624C6520850E9600EA5CCE /* Release */ = {
			isa = XCBuildConfiguration;
			buildSettings = {
				ASSETCATALOG_COMPILER_APPICON_NAME = AppIcon;
				CODE_SIGN_STYLE = Automatic;
				DEVELOPMENT_TEAM = MC2BEA2U5Y;
				INFOPLIST_FILE = "$(SRCROOT)/WeeklyRecipeApp/Resources/Info.plist";
				LD_RUNPATH_SEARCH_PATHS = (
					"$(inherited)",
					"@executable_path/Frameworks",
				);
				PRODUCT_BUNDLE_IDENTIFIER = com.JfMetcalf.WeeklyRecipeApp;
				PRODUCT_NAME = "$(TARGET_NAME)";
				SWIFT_VERSION = 4.0;
				TARGETED_DEVICE_FAMILY = "1,2";
			};
			name = Release;
		};
/* End XCBuildConfiguration section */

/* Begin XCConfigurationList section */
		3B624C4920850E9300EA5CCE /* Build configuration list for PBXProject "WeeklyRecipeApp" */ = {
			isa = XCConfigurationList;
			buildConfigurations = (
				3B624C6120850E9600EA5CCE /* Debug */,
				3B624C6220850E9600EA5CCE /* Release */,
			);
			defaultConfigurationIsVisible = 0;
			defaultConfigurationName = Release;
		};
		3B624C6320850E9600EA5CCE /* Build configuration list for PBXNativeTarget "WeeklyRecipeApp" */ = {
			isa = XCConfigurationList;
			buildConfigurations = (
				3B624C6420850E9600EA5CCE /* Debug */,
				3B624C6520850E9600EA5CCE /* Release */,
			);
			defaultConfigurationIsVisible = 0;
			defaultConfigurationName = Release;
		};
/* End XCConfigurationList section */

/* Begin XCVersionGroup section */
		3B624C5820850E9300EA5CCE /* WeeklyRecipeApp.xcdatamodeld */ = {
			isa = XCVersionGroup;
			children = (
				3B624C5920850E9300EA5CCE /* WeeklyRecipeApp.xcdatamodel */,
			);
			currentVersion = 3B624C5920850E9300EA5CCE /* WeeklyRecipeApp.xcdatamodel */;
			path = WeeklyRecipeApp.xcdatamodeld;
			sourceTree = "<group>";
			versionGroupType = wrapper.xcdatamodel;
		};
/* End XCVersionGroup section */
	};
	rootObject = 3B624C4620850E9300EA5CCE /* Project object */;
}
